
Microsoft Visual Studio Solution File, Format Version 12.00
Project("{2150E333-8FDC-42A3-9474-1A3956D46DE8}") = "src", "src", "{601E8C36-739A-4BC2-9466-123B6EFD4F5F}"
EndProject
Project("{2150E333-8FDC-42A3-9474-1A3956D46DE8}") = "tests", "tests", "{4E79F922-4928-40E2-A380-CC54BD37B889}"
EndProject
Project("{FAE04EC0-301F-11D3-BF4B-00C04F79EFBC}") = "Web", "Web\Web.csproj", "{A95CD0B6-3128-449F-B76E-08BB175D6F6B}"
EndProject
Project("{FAE04EC0-301F-11D3-BF4B-00C04F79EFBC}") = "Application", "Application\Application.csproj", "{8C0BFBAD-36D0-47C6-B3DC-BEB1A5BE7C48}"
EndProject
Project("{FAE04EC0-301F-11D3-BF4B-00C04F79EFBC}") = "Domain", "Domain\Domain.csproj", "{923D4046-1A3B-456E-B423-5ED735E6C39C}"
EndProject
Project("{FAE04EC0-301F-11D3-BF4B-00C04F79EFBC}") = "Persistence", "Persistence\Persistence.csproj", "{295CB11C-40ED-45AF-B35D-420863B6E1F9}"
EndProject
Project("{FAE04EC0-301F-11D3-BF4B-00C04F79EFBC}") = "Infrastructure", "Infrastructure\Infrastructure.csproj", "{CD3A5B3A-F68D-41EC-8897-C3E29F30A5F1}"
EndProject
Project("{FAE04EC0-301F-11D3-BF4B-00C04F79EFBC}") = "UnitTests", "UnitTests\UnitTests.csproj", "{70EE900F-67D7-49EB-8890-FC972D759258}"
EndProject
Global
	GlobalSection(SolutionConfigurationPlatforms) = preSolution
		Debug|Any CPU = Debug|Any CPU
		Release|Any CPU = Release|Any CPU
	EndGlobalSection
	GlobalSection(NestedProjects) = preSolution
		{A95CD0B6-3128-449F-B76E-08BB175D6F6B} = {601E8C36-739A-4BC2-9466-123B6EFD4F5F}
		{8C0BFBAD-36D0-47C6-B3DC-BEB1A5BE7C48} = {601E8C36-739A-4BC2-9466-123B6EFD4F5F}
		{923D4046-1A3B-456E-B423-5ED735E6C39C} = {601E8C36-739A-4BC2-9466-123B6EFD4F5F}
		{295CB11C-40ED-45AF-B35D-420863B6E1F9} = {601E8C36-739A-4BC2-9466-123B6EFD4F5F}
		{CD3A5B3A-F68D-41EC-8897-C3E29F30A5F1} = {601E8C36-739A-4BC2-9466-123B6EFD4F5F}
		{70EE900F-67D7-49EB-8890-FC972D759258} = {4E79F922-4928-40E2-A380-CC54BD37B889}
	EndGlobalSection
	GlobalSection(ProjectConfigurationPlatforms) = postSolution
		{A95CD0B6-3128-449F-B76E-08BB175D6F6B}.Debug|Any CPU.ActiveCfg = Debug|Any CPU
		{A95CD0B6-3128-449F-B76E-08BB175D6F6B}.Debug|Any CPU.Build.0 = Debug|Any CPU
		{A95CD0B6-3128-449F-B76E-08BB175D6F6B}.Release|Any CPU.ActiveCfg = Release|Any CPU
		{A95CD0B6-3128-449F-B76E-08BB175D6F6B}.Release|Any CPU.Build.0 = Release|Any CPU
		{8C0BFBAD-36D0-47C6-B3DC-BEB1A5BE7C48}.Debug|Any CPU.ActiveCfg = Debug|Any CPU
		{8C0BFBAD-36D0-47C6-B3DC-BEB1A5BE7C48}.Debug|Any CPU.Build.0 = Debug|Any CPU
		{8C0BFBAD-36D0-47C6-B3DC-BEB1A5BE7C48}.Release|Any CPU.ActiveCfg = Release|Any CPU
		{8C0BFBAD-36D0-47C6-B3DC-BEB1A5BE7C48}.Release|Any CPU.Build.0 = Release|Any CPU
		{923D4046-1A3B-456E-B423-5ED735E6C39C}.Debug|Any CPU.ActiveCfg = Debug|Any CPU
		{923D4046-1A3B-456E-B423-5ED735E6C39C}.Debug|Any CPU.Build.0 = Debug|Any CPU
		{923D4046-1A3B-456E-B423-5ED735E6C39C}.Release|Any CPU.ActiveCfg = Release|Any CPU
		{923D4046-1A3B-456E-B423-5ED735E6C39C}.Release|Any CPU.Build.0 = Release|Any CPU
		{295CB11C-40ED-45AF-B35D-420863B6E1F9}.Debug|Any CPU.ActiveCfg = Debug|Any CPU
		{295CB11C-40ED-45AF-B35D-420863B6E1F9}.Debug|Any CPU.Build.0 = Debug|Any CPU
		{295CB11C-40ED-45AF-B35D-420863B6E1F9}.Release|Any CPU.ActiveCfg = Release|Any CPU
		{295CB11C-40ED-45AF-B35D-420863B6E1F9}.Release|Any CPU.Build.0 = Release|Any CPU
		{CD3A5B3A-F68D-41EC-8897-C3E29F30A5F1}.Debug|Any CPU.ActiveCfg = Debug|Any CPU
		{CD3A5B3A-F68D-41EC-8897-C3E29F30A5F1}.Debug|Any CPU.Build.0 = Debug|Any CPU
		{CD3A5B3A-F68D-41EC-8897-C3E29F30A5F1}.Release|Any CPU.ActiveCfg = Release|Any CPU
		{CD3A5B3A-F68D-41EC-8897-C3E29F30A5F1}.Release|Any CPU.Build.0 = Release|Any CPU
		{70EE900F-67D7-49EB-8890-FC972D759258}.Debug|Any CPU.ActiveCfg = Debug|Any CPU
		{70EE900F-67D7-49EB-8890-FC972D759258}.Debug|Any CPU.Build.0 = Debug|Any CPU
		{70EE900F-67D7-49EB-8890-FC972D759258}.Release|Any CPU.ActiveCfg = Release|Any CPU
		{70EE900F-67D7-49EB-8890-FC972D759258}.Release|Any CPU.Build.0 = Release|Any CPU
	EndGlobalSection
EndGlobal
